
Microsoft Visual Studio Solution File, Format Version 12.00
# Visual Studio Version 17
VisualStudioVersion = 17.9.34701.34
MinimumVisualStudioVersion = 10.0.40219.1
Project("{9A19103F-16F7-4668-BE54-9A1E7A4F7556}") = "PdfDataExtract", "PdfDataExtract\PdfDataExtract.csproj", "{D2C93655-EFF4-4550-96AB-71AB6CFFBC50}"
EndProject
Project("{9A19103F-16F7-4668-BE54-9A1E7A4F7556}") = "PdfDataExtract.Tests", "PdfDataExtract.Tests\PdfDataExtract.Tests.csproj", "{B4C8C552-67E6-4152-80BF-085C679E54D0}"
EndProject
Global
	GlobalSection(SolutionConfigurationPlatforms) = preSolution
		Debug|Any CPU = Debug|Any CPU
		Release|Any CPU = Release|Any CPU
	EndGlobalSection
	GlobalSection(ProjectConfigurationPlatforms) = postSolution
		{D2C93655-EFF4-4550-96AB-71AB6CFFBC50}.Debug|Any CPU.ActiveCfg = Debug|Any CPU
		{D2C93655-EFF4-4550-96AB-71AB6CFFBC50}.Debug|Any CPU.Build.0 = Debug|Any CPU
		{D2C93655-EFF4-4550-96AB-71AB6CFFBC50}.Release|Any CPU.ActiveCfg = Release|Any CPU
		{D2C93655-EFF4-4550-96AB-71AB6CFFBC50}.Release|Any CPU.Build.0 = Release|Any CPU
		{B4C8C552-67E6-4152-80BF-085C679E54D0}.Debug|Any CPU.ActiveCfg = Debug|Any CPU
		{B4C8C552-67E6-4152-80BF-085C679E54D0}.Debug|Any CPU.Build.0 = Debug|Any CPU
		{B4C8C552-67E6-4152-80BF-085C679E54D0}.Release|Any CPU.ActiveCfg = Release|Any CPU
		{B4C8C552-67E6-4152-80BF-085C679E54D0}.Release|Any CPU.Build.0 = Release|Any CPU
	EndGlobalSection
	GlobalSection(SolutionProperties) = preSolution
		HideSolutionNode = FALSE
	EndGlobalSection
	GlobalSection(ExtensibilityGlobals) = postSolution
		SolutionGuid = {132B16CC-7471-41A0-91B6-D8E763793F04}
	EndGlobalSection
EndGlobal
